# Generated by pub
# See https://dart.dev/tools/pub/glossary#lockfile
packages:
  characters:
    dependency: transitive
    description:
      name: characters
      url: "https://pub.dartlang.org"
    source: hosted
    version: "1.2.0"
  charts_common:
    dependency: transitive
    description:
      name: charts_common
      url: "https://pub.dartlang.org"
    source: hosted
    version: "0.12.0"
  charts_flutter:
    dependency: "direct main"
    description:
      name: charts_flutter
      url: "https://pub.dartlang.org"
    source: hosted
    version: "0.12.0"
  clock:
    dependency: transitive
    description:
      name: clock
      url: "https://pub.dartlang.org"
    source: hosted
    version: "1.1.1"
  collection:
    dependency: transitive
    description:
      name: collection
      url: "https://pub.dartlang.org"
    source: hosted
    version: "1.16.0"
  cupertino_icons:
    dependency: "direct main"
    description:
      name: cupertino_icons
      url: "https://pub.dartlang.org"
    source: hosted
    version: "1.0.5"
  flutter:
    dependency: "direct main"
    description: flutter
    source: sdk
    version: "0.0.0"
  intl:
    dependency: transitive
    description:
      name: intl
      url: "https://pub.dartlang.org"
    source: hosted
    version: "0.17.0"
  logging:
    dependency: transitive
    description:
      name: logging
      url: "https://pub.dartlang.org"
    source: hosted
    version: "1.0.2"
  material_color_utilities:
    dependency: transitive
    description:
      name: material_color_utilities
      url: "https://pub.dartlang.org"
    source: hosted
    version: "0.1.4"
  meta:
    dependency: transitive
    description:
      name: meta
      url: "https://pub.dartlang.org"
    source: hosted
    version: "1.7.0"
  path:
    dependency: transitive
    description:
      name: path
      url: "https://pub.dartlang.org"
    source: hosted
    version: "1.8.2"
  pie_chart:
    dependency: "direct main"
    description:
      name: pie_chart
      url: "https://pub.dartlang.org"
    source: hosted
    version: "5.3.2"
  sky_engine:
    dependency: transitive
    description: flutter
    source: sdk
    version: "0.0.99"
  syncfusion_flutter_charts:
    dependency: "direct main"
    description:
      name: syncfusion_flutter_charts
      url: "https://pub.dartlang.org"
    source: hosted
    version: "20.2.45"
  syncfusion_flutter_core:
    dependency: transitive
    description:
      name: syncfusion_flutter_core
      url: "https://pub.dartlang.org"
    source: hosted
    version: "20.2.45"
  vector_math:
    dependency: transitive
    description:
      name: vector_math
      url: "https://pub.dartlang.org"
    source: hosted
    version: "2.1.2"
sdks:
  dart: ">=2.14.0 <3.0.0"
  flutter: ">=2.5.0"
